
Microsoft Visual Studio Solution File, Format Version 12.00
# Visual Studio Version 16
VisualStudioVersion = 16.0.31402.337
MinimumVisualStudioVersion = 10.0.40219.1
Project("{9A19103F-16F7-4668-BE54-9A1E7A4F7556}") = "TextGameAttempt", "TextGameAttempt\TextGameAttempt.csproj", "{8AA62A68-8CB0-4C3D-9235-94F7F2708E12}"
EndProject
Project("{FAE04EC0-301F-11D3-BF4B-00C04F79EFBC}") = "TextGameState", "TextGameState\TextGameState.csproj", "{A54F2490-219C-45AA-9A2A-29EA332C366C}"
EndProject
Global
	GlobalSection(SolutionConfigurationPlatforms) = preSolution
		Debug|Any CPU = Debug|Any CPU
		Release|Any CPU = Release|Any CPU
	EndGlobalSection
	GlobalSection(ProjectConfigurationPlatforms) = postSolution
		{8AA62A68-8CB0-4C3D-9235-94F7F2708E12}.Debug|Any CPU.ActiveCfg = Debug|Any CPU
		{8AA62A68-8CB0-4C3D-9235-94F7F2708E12}.Debug|Any CPU.Build.0 = Debug|Any CPU
		{8AA62A68-8CB0-4C3D-9235-94F7F2708E12}.Release|Any CPU.ActiveCfg = Release|Any CPU
		{8AA62A68-8CB0-4C3D-9235-94F7F2708E12}.Release|Any CPU.Build.0 = Release|Any CPU
		{A54F2490-219C-45AA-9A2A-29EA332C366C}.Debug|Any CPU.ActiveCfg = Debug|Any CPU
		{A54F2490-219C-45AA-9A2A-29EA332C366C}.Debug|Any CPU.Build.0 = Debug|Any CPU
		{A54F2490-219C-45AA-9A2A-29EA332C366C}.Release|Any CPU.ActiveCfg = Release|Any CPU
		{A54F2490-219C-45AA-9A2A-29EA332C366C}.Release|Any CPU.Build.0 = Release|Any CPU
	EndGlobalSection
	GlobalSection(SolutionProperties) = preSolution
		HideSolutionNode = FALSE
	EndGlobalSection
	GlobalSection(ExtensibilityGlobals) = postSolution
		SolutionGuid = {5036DCFB-218E-47C5-9234-914A732F2FA0}
	EndGlobalSection
EndGlobal
